
Microsoft Visual Studio Solution File, Format Version 12.00
# Visual Studio Version 16
VisualStudioVersion = 16.0.31129.286
MinimumVisualStudioVersion = 10.0.40219.1
Project("{FAE04EC0-301F-11D3-BF4B-00C04F79EFBC}") = "Game_of_Life", "Game_of_Life.csproj", "{0A31C103-3C8D-4B42-9BE0-A82B36CBA889}"
EndProject
Global
	GlobalSection(SolutionConfigurationPlatforms) = preSolution
		Debug|Any CPU = Debug|Any CPU
		Release|Any CPU = Release|Any CPU
	EndGlobalSection
	GlobalSection(ProjectConfigurationPlatforms) = postSolution
		{0A31C103-3C8D-4B42-9BE0-A82B36CBA889}.Debug|Any CPU.ActiveCfg = Debug|Any CPU
		{0A31C103-3C8D-4B42-9BE0-A82B36CBA889}.Debug|Any CPU.Build.0 = Debug|Any CPU
		{0A31C103-3C8D-4B42-9BE0-A82B36CBA889}.Release|Any CPU.ActiveCfg = Release|Any CPU
		{0A31C103-3C8D-4B42-9BE0-A82B36CBA889}.Release|Any CPU.Build.0 = Release|Any CPU
	EndGlobalSection
	GlobalSection(SolutionProperties) = preSolution
		HideSolutionNode = FALSE
	EndGlobalSection
	GlobalSection(ExtensibilityGlobals) = postSolution
		SolutionGuid = {8A89320A-CC72-4D73-A681-72EC496B553E}
	EndGlobalSection
EndGlobal
